<?xml version="1.0" encoding="utf-8"?>
<Project ToolsVersion="4.0" xmlns="http://schemas.microsoft.com/developer/msbuild/2003">
  <ItemGroup>
    <Filter Include="Source Files">
      <UniqueIdentifier>{4FC737F1-C7A5-4376-A066-2A32D752A2FF}</UniqueIdentifier>
      <Extensions>cpp;c;cc;cxx;def;odl;idl;hpj;bat;asm;asmx</Extensions>
    </Filter>
    <Filter Include="Header Files">
      <UniqueIdentifier>{93995380-89BD-4b04-88EB-625FBE52EBFB}</UniqueIdentifier>
      <Extensions>h;hh;hpp;hxx;hm;inl;inc;xsd</Extensions>
    </Filter>
    <Filter Include="Resource Files">
      <UniqueIdentifier>{67DA6AB6-F800-4c08-8B7A-83BB121AAD01}</UniqueIdentifier>
      <Extensions>rc;ico;cur;bmp;dlg;rc2;rct;bin;rgs;gif;jpg;jpeg;jpe;resx;tiff;tif;png;wav</Extensions>
    </Filter>
  </ItemGroup>
  <ItemGroup>
    <ClCompile Include="ini.cpp">
      <Filter>Source Files</Filter>
    </ClCompile>
    <ClCompile Include="INIReader.cpp">
      <Filter>Source Files</Filter>
    </ClCompile>
    <ClCompile Include="InputBox.cpp">
      <Filter>Source Files</Filter>
    </ClCompile>
    <ClCompile Include="KE_Socket.cpp">
      <Filter>Source Files</Filter>
    </ClCompile>
    <ClCompile Include="KE_Timestep.cpp">
      <Filter>Source Files</Filter>
    </ClCompile>
    <ClCompile Include="main.cpp">
      <Filter>Source Files</Filter>
    </ClCompile>
    <ClCompile Include="md5.cpp">
      <Filter>Source Files</Filter>
    </ClCompile>
    <ClCompile Include="OPI_Image.cpp">
      <Filter>Source Files</Filter>
    </ClCompile>
    <ClCompile Include="OPI_Text.cpp">
      <Filter>Source Files</Filter>
    </ClCompile>
    <ClCompile Include="SKO.cpp">
      <Filter>Source Files</Filter>
    </ClCompile>
    <ClCompile Include="SKO_Enemy.cpp">
      <Filter>Source Files</Filter>
    </ClCompile>
    <ClCompile Include="SKO_Item.cpp">
      <Filter>Source Files</Filter>
    </ClCompile>
    <ClCompile Include="SKO_ItemObject.cpp">
      <Filter>Source Files</Filter>
    </ClCompile>
    <ClCompile Include="SKO_Map.cpp">
      <Filter>Source Files</Filter>
    </ClCompile>
    <ClCompile Include="SKO_NPC.cpp">
      <Filter>Source Files</Filter>
    </ClCompile>
    <ClCompile Include="SKO_Player.cpp">
      <Filter>Source Files</Filter>
    </ClCompile>
    <ClCompile Include="SKO_Shop.cpp">
      <Filter>Source Files</Filter>
    </ClCompile>
    <ClCompile Include="SKO_Sign.cpp">
      <Filter>Source Files</Filter>
    </ClCompile>
    <ClCompile Include="SKO_Sprite.cpp">
      <Filter>Source Files</Filter>
    </ClCompile>
    <ClCompile Include="SKO_Stall.cpp">
      <Filter>Source Files</Filter>
    </ClCompile>
    <ClCompile Include="SKO_Target.cpp">
      <Filter>Source Files</Filter>
    </ClCompile>
    <ClCompile Include="stdafx.cpp">
      <Filter>Source Files</Filter>
    </ClCompile>
  </ItemGroup>
  <ItemGroup>
    <ClInclude Include="ini.h">
      <Filter>Header Files</Filter>
    </ClInclude>
    <ClInclude Include="INIReader.h">
      <Filter>Header Files</Filter>
    </ClInclude>
    <ClInclude Include="InputBox.h">
      <Filter>Header Files</Filter>
    </ClInclude>
    <ClInclude Include="KE_Socket.h">
      <Filter>Header Files</Filter>
    </ClInclude>
    <ClInclude Include="KE_Timestep.h">
      <Filter>Header Files</Filter>
    </ClInclude>
    <ClInclude Include="md5.h">
      <Filter>Header Files</Filter>
    </ClInclude>
    <ClInclude Include="operating_system.h">
      <Filter>Header Files</Filter>
    </ClInclude>
    <ClInclude Include="operating_system.linux.h">
      <Filter>Header Files</Filter>
    </ClInclude>
    <ClInclude Include="operating_system.mac.h">
      <Filter>Header Files</Filter>
    </ClInclude>
    <ClInclude Include="operating_system.windows.h">
      <Filter>Header Files</Filter>
    </ClInclude>
    <ClInclude Include="OPI_Image.h">
      <Filter>Header Files</Filter>
    </ClInclude>
    <ClInclude Include="OPI_Text.h">
      <Filter>Header Files</Filter>
    </ClInclude>
    <ClInclude Include="Resource.h">
      <Filter>Header Files</Filter>
    </ClInclude>
    <ClInclude Include="SDLMain.h">
      <Filter>Header Files</Filter>
    </ClInclude>
    <ClInclude Include="SKO.h">
      <Filter>Header Files</Filter>
    </ClInclude>
    <ClInclude Include="SKO_Enemy.h">
      <Filter>Header Files</Filter>
    </ClInclude>
    <ClInclude Include="SKO_Item.h">
      <Filter>Header Files</Filter>
    </ClInclude>
    <ClInclude Include="SKO_ItemObject.h">
      <Filter>Header Files</Filter>
    </ClInclude>
    <ClInclude Include="SKO_item_defs.h">
      <Filter>Header Files</Filter>
    </ClInclude>
    <ClInclude Include="SKO_Map.h">
      <Filter>Header Files</Filter>
    </ClInclude>
    <ClInclude Include="SKO_NPC.h">
      <Filter>Header Files</Filter>
    </ClInclude>
    <ClInclude Include="SKO_Player.h">
      <Filter>Header Files</Filter>
    </ClInclude>
    <ClInclude Include="SKO_Shop.h">
      <Filter>Header Files</Filter>
    </ClInclude>
    <ClInclude Include="SKO_Sign.h">
      <Filter>Header Files</Filter>
    </ClInclude>
    <ClInclude Include="SKO_Sprite.h">
      <Filter>Header Files</Filter>
    </ClInclude>
    <ClInclude Include="SKO_Stall.h">
      <Filter>Header Files</Filter>
    </ClInclude>
    <ClInclude Include="SKO_Target.h">
      <Filter>Header Files</Filter>
    </ClInclude>
    <ClInclude Include="stdafx.h">
      <Filter>Header Files</Filter>
    </ClInclude>
    <ClInclude Include="targetver.h">
      <Filter>Header Files</Filter>
    </ClInclude>
  </ItemGroup>
  <ItemGroup>
    <ResourceCompile Include="SKO.rc">
      <Filter>Resource Files</Filter>
    </ResourceCompile>
  </ItemGroup>
</Project>