<?xml version="1.0" encoding="utf-8"?>
<Project ToolsVersion="4.0" xmlns="http://schemas.microsoft.com/developer/msbuild/2003">
  <ItemGroup>
    <Filter Include="Source Files">
      <UniqueIdentifier>{4FC737F1-C7A5-4376-A066-2A32D752A2FF}</UniqueIdentifier>
      <Extensions>cpp;c;cc;cxx;def;odl;idl;hpj;bat;asm;asmx</Extensions>
    </Filter>
    <Filter Include="Header Files">
      <UniqueIdentifier>{93995380-89BD-4b04-88EB-625FBE52EBFB}</UniqueIdentifier>
      <Extensions>h;hh;hpp;hxx;hm;inl;inc;xsd</Extensions>
    </Filter>
    <Filter Include="Resource Files">
      <UniqueIdentifier>{67DA6AB6-F800-4c08-8B7A-83BB121AAD01}</UniqueIdentifier>
      <Extensions>rc;ico;cur;bmp;dlg;rc2;rct;bin;rgs;gif;jpg;jpeg;jpe;resx;tiff;tif;png;wav</Extensions>
    </Filter>
  </ItemGroup>
  <ItemGroup>
    <ClCompile Include="StickKnightsOnline-Client\main.cpp">
      <Filter>Source Files</Filter>
    </ClCompile>
    <ClCompile Include="StickKnightsOnline-Client\ini.cpp">
      <Filter>Source Files</Filter>
    </ClCompile>
    <ClCompile Include="StickKnightsOnline-Client\SKO_Target.cpp">
      <Filter>Source Files</Filter>
    </ClCompile>
    <ClCompile Include="StickKnightsOnline-Client\SKO_Stall.cpp">
      <Filter>Source Files</Filter>
    </ClCompile>
    <ClCompile Include="StickKnightsOnline-Client\SKO_Sprite.cpp">
      <Filter>Source Files</Filter>
    </ClCompile>
    <ClCompile Include="StickKnightsOnline-Client\SKO_Sign.cpp">
      <Filter>Source Files</Filter>
    </ClCompile>
    <ClCompile Include="StickKnightsOnline-Client\SKO_Shop.cpp">
      <Filter>Source Files</Filter>
    </ClCompile>
    <ClCompile Include="StickKnightsOnline-Client\SKO_Player.cpp">
      <Filter>Source Files</Filter>
    </ClCompile>
    <ClCompile Include="StickKnightsOnline-Client\SKO_NPC.cpp">
      <Filter>Source Files</Filter>
    </ClCompile>
    <ClCompile Include="StickKnightsOnline-Client\SKO_Map.cpp">
      <Filter>Source Files</Filter>
    </ClCompile>
    <ClCompile Include="StickKnightsOnline-Client\SKO_ItemObject.cpp">
      <Filter>Source Files</Filter>
    </ClCompile>
    <ClCompile Include="StickKnightsOnline-Client\SKO_Item.cpp">
      <Filter>Source Files</Filter>
    </ClCompile>
    <ClCompile Include="StickKnightsOnline-Client\SKO_Enemy.cpp">
      <Filter>Source Files</Filter>
    </ClCompile>
    <ClCompile Include="StickKnightsOnline-Client\OPI_Text.cpp">
      <Filter>Source Files</Filter>
    </ClCompile>
    <ClCompile Include="StickKnightsOnline-Client\OPI_Image.cpp">
      <Filter>Source Files</Filter>
    </ClCompile>
    <ClCompile Include="StickKnightsOnline-Client\KE_Timestep.cpp">
      <Filter>Source Files</Filter>
    </ClCompile>
    <ClCompile Include="StickKnightsOnline-Client\KE_Socket.cpp">
      <Filter>Source Files</Filter>
    </ClCompile>
    <ClCompile Include="StickKnightsOnline-Client\InputBox.cpp">
      <Filter>Source Files</Filter>
    </ClCompile>
    <ClCompile Include="StickKnightsOnline-Client\INIReader.cpp">
      <Filter>Source Files</Filter>
    </ClCompile>
    <ClCompile Include="StickKnightsOnline-Client\md5.cpp">
      <Filter>Source Files</Filter>
    </ClCompile>
    <ClCompile Include="StickKnightsOnline-Client\base64.cpp">
      <Filter>Source Files</Filter>
    </ClCompile>
    <ClCompile Include="StickKnightsOnline-Client\SKO_Network.cpp">
      <Filter>Source Files</Filter>
    </ClCompile>
  </ItemGroup>
  <ItemGroup>
    <ClInclude Include="StickKnightsOnline-Client\operating_system.h">
      <Filter>Header Files</Filter>
    </ClInclude>
    <ClInclude Include="StickKnightsOnline-Client\ini.h">
      <Filter>Header Files</Filter>
    </ClInclude>
    <ClInclude Include="StickKnightsOnline-Client\SKO_item_defs.h">
      <Filter>Header Files</Filter>
    </ClInclude>
    <ClInclude Include="StickKnightsOnline-Client\SKO_Target.h">
      <Filter>Header Files</Filter>
    </ClInclude>
    <ClInclude Include="StickKnightsOnline-Client\SKO_Stall.h">
      <Filter>Header Files</Filter>
    </ClInclude>
    <ClInclude Include="StickKnightsOnline-Client\SKO_Sprite.h">
      <Filter>Header Files</Filter>
    </ClInclude>
    <ClInclude Include="StickKnightsOnline-Client\SKO_Sign.h">
      <Filter>Header Files</Filter>
    </ClInclude>
    <ClInclude Include="StickKnightsOnline-Client\SKO_Shop.h">
      <Filter>Header Files</Filter>
    </ClInclude>
    <ClInclude Include="StickKnightsOnline-Client\SKO_Player.h">
      <Filter>Header Files</Filter>
    </ClInclude>
    <ClInclude Include="StickKnightsOnline-Client\SKO_NPC.h">
      <Filter>Header Files</Filter>
    </ClInclude>
    <ClInclude Include="StickKnightsOnline-Client\SKO_Map.h">
      <Filter>Header Files</Filter>
    </ClInclude>
    <ClInclude Include="StickKnightsOnline-Client\SKO_ItemObject.h">
      <Filter>Header Files</Filter>
    </ClInclude>
    <ClInclude Include="StickKnightsOnline-Client\SKO_Item.h">
      <Filter>Header Files</Filter>
    </ClInclude>
    <ClInclude Include="StickKnightsOnline-Client\SKO_Enemy.h">
      <Filter>Header Files</Filter>
    </ClInclude>
    <ClInclude Include="StickKnightsOnline-Client\SDLMain.h">
      <Filter>Header Files</Filter>
    </ClInclude>
    <ClInclude Include="StickKnightsOnline-Client\OPI_Text.h">
      <Filter>Header Files</Filter>
    </ClInclude>
    <ClInclude Include="StickKnightsOnline-Client\OPI_Image.h">
      <Filter>Header Files</Filter>
    </ClInclude>
    <ClInclude Include="StickKnightsOnline-Client\KE_Timestep.h">
      <Filter>Header Files</Filter>
    </ClInclude>
    <ClInclude Include="StickKnightsOnline-Client\KE_Socket.h">
      <Filter>Header Files</Filter>
    </ClInclude>
    <ClInclude Include="StickKnightsOnline-Client\InputBox.h">
      <Filter>Header Files</Filter>
    </ClInclude>
    <ClInclude Include="StickKnightsOnline-Client\INIReader.h">
      <Filter>Header Files</Filter>
    </ClInclude>
    <ClInclude Include="StickKnightsOnline-Client\md5.h">
      <Filter>Header Files</Filter>
    </ClInclude>
    <ClInclude Include="StickKnightsOnline-Client\hasher.h">
      <Filter>Header Files</Filter>
    </ClInclude>
    <ClInclude Include="StickKnightsOnline-Client\base64.h">
      <Filter>Source Files</Filter>
    </ClInclude>
    <ClInclude Include="StickKnightsOnline-Client\libbcrypt\ow-crypt.h">
      <Filter>Header Files</Filter>
    </ClInclude>
    <ClInclude Include="StickKnightsOnline-Client\SKO_Network.h">
      <Filter>Header Files</Filter>
    </ClInclude>
  </ItemGroup>
  <ItemGroup>
    <None Include="Makefile" />
    <None Include="Makefile.linux" />
    <None Include="Makefile.mac" />
    <None Include="Makefile.windows" />
    <None Include="StickKnightsOnline-Client\DAT\config.ini" />
    <None Include="StickKnightsOnline-Client\easy-encryption\LICENSE" />
  </ItemGroup>
  <ItemGroup>
    <Text Include="readme.txt" />
    <Text Include="StickKnightsOnline-Client\help.txt" />
  </ItemGroup>
</Project>